
Microsoft Visual Studio Solution File, Format Version 12.00
# Visual Studio 15
VisualStudioVersion = 15.0.27130.2027
MinimumVisualStudioVersion = 10.0.40219.1
Project("{FAE04EC0-301F-11D3-BF4B-00C04F79EFBC}") = "inventorySystemTesting", "inventorySystemTesting\inventorySystemTesting.csproj", "{A82FC67A-2149-4A53-9B72-BFD8D8E4DD91}"
EndProject
Project("{FAE04EC0-301F-11D3-BF4B-00C04F79EFBC}") = "UnitTestProject1", "UnitTestProject1\UnitTestProject1.csproj", "{6ABD5EA7-AA93-4FB6-B034-8BB88BC81CD4}"
EndProject
Global
	GlobalSection(SolutionConfigurationPlatforms) = preSolution
		Debug|Any CPU = Debug|Any CPU
		Release|Any CPU = Release|Any CPU
	EndGlobalSection
	GlobalSection(ProjectConfigurationPlatforms) = postSolution
		{A82FC67A-2149-4A53-9B72-BFD8D8E4DD91}.Debug|Any CPU.ActiveCfg = Debug|Any CPU
		{A82FC67A-2149-4A53-9B72-BFD8D8E4DD91}.Debug|Any CPU.Build.0 = Debug|Any CPU
		{A82FC67A-2149-4A53-9B72-BFD8D8E4DD91}.Release|Any CPU.ActiveCfg = Release|Any CPU
		{A82FC67A-2149-4A53-9B72-BFD8D8E4DD91}.Release|Any CPU.Build.0 = Release|Any CPU
		{6ABD5EA7-AA93-4FB6-B034-8BB88BC81CD4}.Debug|Any CPU.ActiveCfg = Debug|Any CPU
		{6ABD5EA7-AA93-4FB6-B034-8BB88BC81CD4}.Debug|Any CPU.Build.0 = Debug|Any CPU
		{6ABD5EA7-AA93-4FB6-B034-8BB88BC81CD4}.Release|Any CPU.ActiveCfg = Release|Any CPU
		{6ABD5EA7-AA93-4FB6-B034-8BB88BC81CD4}.Release|Any CPU.Build.0 = Release|Any CPU
	EndGlobalSection
	GlobalSection(SolutionProperties) = preSolution
		HideSolutionNode = FALSE
	EndGlobalSection
	GlobalSection(ExtensibilityGlobals) = postSolution
		SolutionGuid = {F07009B6-0E28-4F0A-95F3-227167385479}
	EndGlobalSection
EndGlobal
